
Microsoft Visual Studio Solution File, Format Version 12.00
# Visual Studio Version 17
VisualStudioVersion = 17.14.36310.24
MinimumVisualStudioVersion = 10.0.40219.1
Project("{FAE04EC0-301F-11D3-BF4B-00C04F79EFBC}") = "Direct.Producer", "RabbitMQ.Producer\Direct.Producer.csproj", "{24AD9918-B4E4-4ED4-9614-D46BA976BD40}"
EndProject
Project("{FAE04EC0-301F-11D3-BF4B-00C04F79EFBC}") = "Direct.Consumer", "RabbitMQ.Consumer\Direct.Consumer.csproj", "{1E87EECF-5CD6-478D-B002-F1C234A88E09}"
EndProject
Project("{FAE04EC0-301F-11D3-BF4B-00C04F79EFBC}") = "Fanout.Consumer", "Fanout.Consumer\Fanout.Consumer.csproj", "{B3660595-F4A9-4DC4-815E-2A3C515E0D39}"
EndProject
Project("{FAE04EC0-301F-11D3-BF4B-00C04F79EFBC}") = "Fanout.Producer", "Fanout.Porducer\Fanout.Producer.csproj", "{455AF478-9FF4-4995-B3CD-A4CF3B0434A6}"
EndProject
Project("{FAE04EC0-301F-11D3-BF4B-00C04F79EFBC}") = "Topic.Producer", "Topic.Producer\Topic.Producer.csproj", "{DB04214C-E2A4-4CD7-BFFC-9A1DCF5391B2}"
EndProject
Project("{FAE04EC0-301F-11D3-BF4B-00C04F79EFBC}") = "Topic.Consumer", "Topic.Consumer\Topic.Consumer.csproj", "{B25C24A3-88CE-473D-AFB2-D7929847FF5E}"
EndProject
Project("{FAE04EC0-301F-11D3-BF4B-00C04F79EFBC}") = "Header.Producer", "Header.Producer\Header.Producer.csproj", "{D7440BA2-4C8F-4961-AF24-FF9092D867B2}"
EndProject
Project("{FAE04EC0-301F-11D3-BF4B-00C04F79EFBC}") = "Header.Consumer", "Header.Consumer\Header.Consumer.csproj", "{275968F4-E050-4F0D-88F2-665A1378B9E9}"
EndProject
Project("{FAE04EC0-301F-11D3-BF4B-00C04F79EFBC}") = "PisonMessage.Consumer", "PisonMessage.Consumer\PisonMessage.Consumer.csproj", "{9E5F7DD7-7C3E-43E8-A788-F52BF4355201}"
EndProject
Project("{FAE04EC0-301F-11D3-BF4B-00C04F79EFBC}") = "Streams.Consumer", "Streams.Consumer\Streams.Consumer.csproj", "{EB96768F-3EF7-48AA-B7A5-012C656942F5}"
EndProject
Global
	GlobalSection(SolutionConfigurationPlatforms) = preSolution
		Debug|Any CPU = Debug|Any CPU
		Release|Any CPU = Release|Any CPU
	EndGlobalSection
	GlobalSection(ProjectConfigurationPlatforms) = postSolution
		{24AD9918-B4E4-4ED4-9614-D46BA976BD40}.Debug|Any CPU.ActiveCfg = Debug|Any CPU
		{24AD9918-B4E4-4ED4-9614-D46BA976BD40}.Debug|Any CPU.Build.0 = Debug|Any CPU
		{24AD9918-B4E4-4ED4-9614-D46BA976BD40}.Release|Any CPU.ActiveCfg = Release|Any CPU
		{24AD9918-B4E4-4ED4-9614-D46BA976BD40}.Release|Any CPU.Build.0 = Release|Any CPU
		{1E87EECF-5CD6-478D-B002-F1C234A88E09}.Debug|Any CPU.ActiveCfg = Debug|Any CPU
		{1E87EECF-5CD6-478D-B002-F1C234A88E09}.Debug|Any CPU.Build.0 = Debug|Any CPU
		{1E87EECF-5CD6-478D-B002-F1C234A88E09}.Release|Any CPU.ActiveCfg = Release|Any CPU
		{1E87EECF-5CD6-478D-B002-F1C234A88E09}.Release|Any CPU.Build.0 = Release|Any CPU
		{B3660595-F4A9-4DC4-815E-2A3C515E0D39}.Debug|Any CPU.ActiveCfg = Debug|Any CPU
		{B3660595-F4A9-4DC4-815E-2A3C515E0D39}.Debug|Any CPU.Build.0 = Debug|Any CPU
		{B3660595-F4A9-4DC4-815E-2A3C515E0D39}.Release|Any CPU.ActiveCfg = Release|Any CPU
		{B3660595-F4A9-4DC4-815E-2A3C515E0D39}.Release|Any CPU.Build.0 = Release|Any CPU
		{455AF478-9FF4-4995-B3CD-A4CF3B0434A6}.Debug|Any CPU.ActiveCfg = Debug|Any CPU
		{455AF478-9FF4-4995-B3CD-A4CF3B0434A6}.Debug|Any CPU.Build.0 = Debug|Any CPU
		{455AF478-9FF4-4995-B3CD-A4CF3B0434A6}.Release|Any CPU.ActiveCfg = Release|Any CPU
		{455AF478-9FF4-4995-B3CD-A4CF3B0434A6}.Release|Any CPU.Build.0 = Release|Any CPU
		{DB04214C-E2A4-4CD7-BFFC-9A1DCF5391B2}.Debug|Any CPU.ActiveCfg = Debug|Any CPU
		{DB04214C-E2A4-4CD7-BFFC-9A1DCF5391B2}.Debug|Any CPU.Build.0 = Debug|Any CPU
		{DB04214C-E2A4-4CD7-BFFC-9A1DCF5391B2}.Release|Any CPU.ActiveCfg = Release|Any CPU
		{DB04214C-E2A4-4CD7-BFFC-9A1DCF5391B2}.Release|Any CPU.Build.0 = Release|Any CPU
		{B25C24A3-88CE-473D-AFB2-D7929847FF5E}.Debug|Any CPU.ActiveCfg = Debug|Any CPU
		{B25C24A3-88CE-473D-AFB2-D7929847FF5E}.Debug|Any CPU.Build.0 = Debug|Any CPU
		{B25C24A3-88CE-473D-AFB2-D7929847FF5E}.Release|Any CPU.ActiveCfg = Release|Any CPU
		{B25C24A3-88CE-473D-AFB2-D7929847FF5E}.Release|Any CPU.Build.0 = Release|Any CPU
		{D7440BA2-4C8F-4961-AF24-FF9092D867B2}.Debug|Any CPU.ActiveCfg = Debug|Any CPU
		{D7440BA2-4C8F-4961-AF24-FF9092D867B2}.Debug|Any CPU.Build.0 = Debug|Any CPU
		{D7440BA2-4C8F-4961-AF24-FF9092D867B2}.Release|Any CPU.ActiveCfg = Release|Any CPU
		{D7440BA2-4C8F-4961-AF24-FF9092D867B2}.Release|Any CPU.Build.0 = Release|Any CPU
		{275968F4-E050-4F0D-88F2-665A1378B9E9}.Debug|Any CPU.ActiveCfg = Debug|Any CPU
		{275968F4-E050-4F0D-88F2-665A1378B9E9}.Debug|Any CPU.Build.0 = Debug|Any CPU
		{275968F4-E050-4F0D-88F2-665A1378B9E9}.Release|Any CPU.ActiveCfg = Release|Any CPU
		{275968F4-E050-4F0D-88F2-665A1378B9E9}.Release|Any CPU.Build.0 = Release|Any CPU
		{9E5F7DD7-7C3E-43E8-A788-F52BF4355201}.Debug|Any CPU.ActiveCfg = Debug|Any CPU
		{9E5F7DD7-7C3E-43E8-A788-F52BF4355201}.Debug|Any CPU.Build.0 = Debug|Any CPU
		{9E5F7DD7-7C3E-43E8-A788-F52BF4355201}.Release|Any CPU.ActiveCfg = Release|Any CPU
		{9E5F7DD7-7C3E-43E8-A788-F52BF4355201}.Release|Any CPU.Build.0 = Release|Any CPU
		{EB96768F-3EF7-48AA-B7A5-012C656942F5}.Debug|Any CPU.ActiveCfg = Debug|Any CPU
		{EB96768F-3EF7-48AA-B7A5-012C656942F5}.Debug|Any CPU.Build.0 = Debug|Any CPU
		{EB96768F-3EF7-48AA-B7A5-012C656942F5}.Release|Any CPU.ActiveCfg = Release|Any CPU
		{EB96768F-3EF7-48AA-B7A5-012C656942F5}.Release|Any CPU.Build.0 = Release|Any CPU
	EndGlobalSection
	GlobalSection(SolutionProperties) = preSolution
		HideSolutionNode = FALSE
	EndGlobalSection
	GlobalSection(ExtensibilityGlobals) = postSolution
		SolutionGuid = {EE212855-541A-4E5C-82FE-6586A64C5B1D}
	EndGlobalSection
EndGlobal
